
Microsoft Visual Studio Solution File, Format Version 12.00
# Visual Studio Version 16
VisualStudioVersion = 16.0.30717.126
MinimumVisualStudioVersion = 10.0.40219.1
Project("{FAE04EC0-301F-11D3-BF4B-00C04F79EFBC}") = "JsonPatchWebApi", "JsonPatchWebApi\JsonPatchWebApi.csproj", "{6BA9477B-2861-428F-B995-847E31BFCA0F}"
EndProject
Global
	GlobalSection(SolutionConfigurationPlatforms) = preSolution
		Debug|Any CPU = Debug|Any CPU
		Release|Any CPU = Release|Any CPU
	EndGlobalSection
	GlobalSection(ProjectConfigurationPlatforms) = postSolution
		{6BA9477B-2861-428F-B995-847E31BFCA0F}.Debug|Any CPU.ActiveCfg = Debug|Any CPU
		{6BA9477B-2861-428F-B995-847E31BFCA0F}.Debug|Any CPU.Build.0 = Debug|Any CPU
		{6BA9477B-2861-428F-B995-847E31BFCA0F}.Release|Any CPU.ActiveCfg = Release|Any CPU
		{6BA9477B-2861-428F-B995-847E31BFCA0F}.Release|Any CPU.Build.0 = Release|Any CPU
	EndGlobalSection
	GlobalSection(SolutionProperties) = preSolution
		HideSolutionNode = FALSE
	EndGlobalSection
	GlobalSection(ExtensibilityGlobals) = postSolution
		SolutionGuid = {6A1D9BC1-48E1-4B2B-8AB2-9D96ECF2309C}
	EndGlobalSection
EndGlobal
